
Microsoft Visual Studio Solution File, Format Version 12.00
# Visual Studio Version 16
VisualStudioVersion = 16.0.31025.194
MinimumVisualStudioVersion = 10.0.40219.1
Project("{FAE04EC0-301F-11D3-BF4B-00C04F79EFBC}") = "WindowsFormsApp7", "WindowsFormsApp7\WindowsFormsApp7.csproj", "{DAB00A70-377D-42CE-90F5-6C25D61A99FA}"
EndProject
Global
	GlobalSection(SolutionConfigurationPlatforms) = preSolution
		Debug|Any CPU = Debug|Any CPU
		Release|Any CPU = Release|Any CPU
	EndGlobalSection
	GlobalSection(ProjectConfigurationPlatforms) = postSolution
		{DAB00A70-377D-42CE-90F5-6C25D61A99FA}.Debug|Any CPU.ActiveCfg = Debug|Any CPU
		{DAB00A70-377D-42CE-90F5-6C25D61A99FA}.Debug|Any CPU.Build.0 = Debug|Any CPU
		{DAB00A70-377D-42CE-90F5-6C25D61A99FA}.Release|Any CPU.ActiveCfg = Release|Any CPU
		{DAB00A70-377D-42CE-90F5-6C25D61A99FA}.Release|Any CPU.Build.0 = Release|Any CPU
	EndGlobalSection
	GlobalSection(SolutionProperties) = preSolution
		HideSolutionNode = FALSE
	EndGlobalSection
	GlobalSection(ExtensibilityGlobals) = postSolution
		SolutionGuid = {DEDE067C-4429-465D-8070-565F20AD83C3}
	EndGlobalSection
EndGlobal
